
Microsoft Visual Studio Solution File, Format Version 12.00
# Visual Studio Version 16
VisualStudioVersion = 16.0.29326.143
MinimumVisualStudioVersion = 10.0.40219.1
Project("{9A19103F-16F7-4668-BE54-9A1E7A4F7556}") = "Dynamic", "Dynamic\Dynamic.csproj", "{429F354F-EA8E-4138-A42D-AB6A9DCC14F1}"
EndProject
Project("{FAE04EC0-301F-11D3-BF4B-00C04F79EFBC}") = "Structure", "Structure\Structure.csproj", "{31524E96-1F8F-4EEE-B10B-D8FAD8D7B030}"
EndProject
Project("{FAE04EC0-301F-11D3-BF4B-00C04F79EFBC}") = "Tests", "Tests\Tests.csproj", "{EB065F56-1674-49A0-A96F-3CC43D3DDA64}"
EndProject
Global
	GlobalSection(SolutionConfigurationPlatforms) = preSolution
		Debug|Any CPU = Debug|Any CPU
		Release|Any CPU = Release|Any CPU
	EndGlobalSection
	GlobalSection(ProjectConfigurationPlatforms) = postSolution
		{429F354F-EA8E-4138-A42D-AB6A9DCC14F1}.Debug|Any CPU.ActiveCfg = Debug|Any CPU
		{429F354F-EA8E-4138-A42D-AB6A9DCC14F1}.Debug|Any CPU.Build.0 = Debug|Any CPU
		{429F354F-EA8E-4138-A42D-AB6A9DCC14F1}.Release|Any CPU.ActiveCfg = Release|Any CPU
		{429F354F-EA8E-4138-A42D-AB6A9DCC14F1}.Release|Any CPU.Build.0 = Release|Any CPU
		{31524E96-1F8F-4EEE-B10B-D8FAD8D7B030}.Debug|Any CPU.ActiveCfg = Debug|Any CPU
		{31524E96-1F8F-4EEE-B10B-D8FAD8D7B030}.Debug|Any CPU.Build.0 = Debug|Any CPU
		{31524E96-1F8F-4EEE-B10B-D8FAD8D7B030}.Release|Any CPU.ActiveCfg = Release|Any CPU
		{31524E96-1F8F-4EEE-B10B-D8FAD8D7B030}.Release|Any CPU.Build.0 = Release|Any CPU
		{F7B3D3CA-53D8-4095-A2EB-20ECB2458896}.Debug|Any CPU.ActiveCfg = Debug|Any CPU
		{F7B3D3CA-53D8-4095-A2EB-20ECB2458896}.Debug|Any CPU.Build.0 = Debug|Any CPU
		{F7B3D3CA-53D8-4095-A2EB-20ECB2458896}.Release|Any CPU.ActiveCfg = Release|Any CPU
		{F7B3D3CA-53D8-4095-A2EB-20ECB2458896}.Release|Any CPU.Build.0 = Release|Any CPU
		{5ADC77A3-0628-4A01-8CAA-01A7317568B5}.Debug|Any CPU.ActiveCfg = Debug|Any CPU
		{5ADC77A3-0628-4A01-8CAA-01A7317568B5}.Debug|Any CPU.Build.0 = Debug|Any CPU
		{5ADC77A3-0628-4A01-8CAA-01A7317568B5}.Release|Any CPU.ActiveCfg = Release|Any CPU
		{5ADC77A3-0628-4A01-8CAA-01A7317568B5}.Release|Any CPU.Build.0 = Release|Any CPU
		{A4517EE3-5215-465A-A71C-EC5FC6D7A789}.Debug|Any CPU.ActiveCfg = Debug|Any CPU
		{A4517EE3-5215-465A-A71C-EC5FC6D7A789}.Debug|Any CPU.Build.0 = Debug|Any CPU
		{A4517EE3-5215-465A-A71C-EC5FC6D7A789}.Release|Any CPU.ActiveCfg = Release|Any CPU
		{A4517EE3-5215-465A-A71C-EC5FC6D7A789}.Release|Any CPU.Build.0 = Release|Any CPU
		{EB065F56-1674-49A0-A96F-3CC43D3DDA64}.Debug|Any CPU.ActiveCfg = Debug|Any CPU
		{EB065F56-1674-49A0-A96F-3CC43D3DDA64}.Debug|Any CPU.Build.0 = Debug|Any CPU
		{EB065F56-1674-49A0-A96F-3CC43D3DDA64}.Release|Any CPU.ActiveCfg = Release|Any CPU
		{EB065F56-1674-49A0-A96F-3CC43D3DDA64}.Release|Any CPU.Build.0 = Release|Any CPU
	EndGlobalSection
	GlobalSection(SolutionProperties) = preSolution
		HideSolutionNode = FALSE
	EndGlobalSection
	GlobalSection(ExtensibilityGlobals) = postSolution
		SolutionGuid = {E32D2CDE-009F-48E9-A11E-1D269D0342C8}
	EndGlobalSection
EndGlobal
